{
 "name": "newproject",
 "version": "0.0.0",
 "lockfileVersion": 1,
 "requires": true,
 "dependencies": {
  "batch": {
   "version": "0.5.0",
   "resolved": "https://registry.npmjs.org/batch/-/batch-0.5.0.tgz",
   "integrity": "sha1-/S4Fp6XWlrTbkxQBPihdj/NVfsM="
  },
  "body-parser": {
   "version": "1.10.0",
   "resolved": "https://registry.npmjs.org/body-parser/-/body-parser-1.10.0.tgz",
   "integrity": "sha1-+ITRGDmvCePGHlARBZ4py/5FIIU=",
   "requires": {
    "bytes": "1.0.0",
    "depd": "~1.0.0",
    "iconv-lite": "0.4.5",
    "media-typer": "0.3.0",
    "on-finished": "~2.1.1",
    "qs": "2.3.3",
    "raw-body": "1.3.1",
    "type-is": "~1.5.3"
   },
   "dependencies": {
    "bytes": {
     "version": "1.0.0",
     "resolved": "https://registry.npmjs.org/bytes/-/bytes-1.0.0.tgz",
     "integrity": "sha1-NWnt6Lo0MV+rmcPpLLBMciDeH6g="
    },
    "depd": {
     "version": "1.0.0",
     "resolved": "https://registry.npmjs.org/depd/-/depd-1.0.0.tgz",
     "integrity": "sha1-L9oNAOmKrihF1Jkasb8fKhmQc9U="
    },
    "iconv-lite": {
     "version": "0.4.5",
     "resolved": "https://registry.npmjs.org/iconv-lite/-/iconv-lite-0.4.5.tgz",
     "integrity": "sha1-nFdLcMMNYVhZ8gZNK+QzWtaxqNY="
    },
    "media-typer": {
     "version": "0.3.0",
     "resolved": "https://registry.npmjs.org/media-typer/-/media-typer-0.3.0.tgz",
     "integrity": "sha1-hxDXrwqmJvj/+hzgAWhUUmMlV0g="
    },
    "on-finished": {
     "version": "2.1.1",
     "resolved": "https://registry.npmjs.org/on-finished/-/on-finished-2.1.1.tgz",
     "integrity": "sha1-+CyhyeOk8yhrG5k4YQ5bhja9PLI=",
     "requires": {
      "ee-first": "1.1.0"
     },
     "dependencies": {
      "ee-first": {
       "version": "1.1.0",
       "resolved": "https://registry.npmjs.org/ee-first/-/ee-first-1.1.0.tgz",
       "integrity": "sha1-ag18YiHkkP7v2S7D9EHJzozQl/Q="
      }
     }
    },
    "qs": {
     "version": "2.3.3",
     "resolved": "https://registry.npmjs.org/qs/-/qs-2.3.3.tgz",
     "integrity": "sha1-6eha2+ddoLvkyOBHaghikPhjtAQ="
    },
    "raw-body": {
     "version": "1.3.1",
     "resolved": "https://registry.npmjs.org/raw-body/-/raw-body-1.3.1.tgz",
     "integrity": "sha1-JqFJEFkIb9EhlCIy0WdYzSgX+BU=",
     "requires": {
      "bytes": "1",
      "iconv-lite": "0.4.5"
     }
    },
    "type-is": {
     "version": "1.5.4",
     "resolved": "https://registry.npmjs.org/type-is/-/type-is-1.5.4.tgz",
     "integrity": "sha1-8q/oY13PLRWQliAr5uEgQj+hmDc=",
     "requires": {
      "media-typer": "0.3.0",
      "mime-types": "~2.0.4"
     },
     "dependencies": {
      "mime-types": {
       "version": "2.0.4",
       "resolved": "https://registry.npmjs.org/mime-types/-/mime-types-2.0.4.tgz",
       "integrity": "sha1-hVphKXkUHYBrpRBClKKMcxxup5A=",
       "requires": {
        "mime-db": "~1.3.0"
       },
       "dependencies": {
        "mime-db": {
         "version": "1.3.0",
         "resolved": "https://registry.npmjs.org/mime-db/-/mime-db-1.3.0.tgz",
         "integrity": "sha1-X+/rJd2bCXxdRQkcYPgUm5jXSew="
        }
       }
      }
     }
    }
   }
  },
  "buffer-crc32": {
   "version": "0.2.1",
   "resolved": "https://registry.npmjs.org/buffer-crc32/-/buffer-crc32-0.2.1.tgz",
   "integrity": "sha1-vj5TgvwCttYySVasGvmKqYsIU0w="
  },
  "bytes": {
   "version": "0.2.1",
   "resolved": "https://registry.npmjs.org/bytes/-/bytes-0.2.1.tgz",
   "integrity": "sha1-VVsIq8sGP4l1kFMCUj5M1P/f3zE="
  },
  "commander": {
   "version": "1.3.2",
   "resolved": "https://registry.npmjs.org/commander/-/commander-1.3.2.tgz",
   "integrity": "sha1-io8w7GcKb91kr1LxkUuQfXnq1bU=",
   "requires": {
    "keypress": "0.1.x"
   }
  },
  "connect": {
   "version": "2.12.0",
   "resolved": "https://registry.npmjs.org/connect/-/connect-2.12.0.tgz",
   "integrity": "sha1-Mdj6DcrN8ZCNgivSkjvootKn7Zo=",
   "requires": {
    "batch": "0.5.0",
    "buffer-crc32": "0.2.1",
    "bytes": "0.2.1",
    "cookie": "0.1.0",
    "cookie-signature": "1.0.1",
    "debug": ">= 0.7.3 < 1",
    "fresh": "0.2.0",
    "methods": "0.1.0",
    "multiparty": "2.2.0",
    "negotiator": "0.3.0",
    "pause": "0.0.1",
    "qs": "0.6.6",
    "raw-body": "1.1.2",
    "send": "0.1.4",
    "uid2": "0.0.3"
   }
  },
  "cookie": {
   "version": "0.1.0",
   "resolved": "https://registry.npmjs.org/cookie/-/cookie-0.1.0.tgz",
   "integrity": "sha1-kOtGndzpBchm3mh+/EMTHYgB+dA="
  },
  "cookie-signature": {
   "version": "1.0.1",
   "resolved": "https://registry.npmjs.org/cookie-signature/-/cookie-signature-1.0.1.tgz",
   "integrity": "sha1-ROByFIrwHm6OJK+/EmkNaK5pjss="
  },
  "core-util-is": {
   "version": "1.0.2",
   "resolved": "https://registry.npmjs.org/core-util-is/-/core-util-is-1.0.2.tgz",
   "integrity": "sha1-tf1UIgqivFq1eqtxQMlAdUUDwac="
  },
  "debug": {
   "version": "0.8.1",
   "resolved": "https://registry.npmjs.org/debug/-/debug-0.8.1.tgz",
   "integrity": "sha1-IP9NJvXkIstoobrLu2EDmtjBwTA="
  },
  "ejs": {
   "version": "0.8.8",
   "resolved": "https://registry.npmjs.org/ejs/-/ejs-0.8.8.tgz",
   "integrity": "sha1-/9xW3MNdApJt1QrRNDm7xUBh1Zg="
  },
  "express": {
   "version": "3.4.8",
   "resolved": "https://registry.npmjs.org/express/-/express-3.4.8.tgz",
   "integrity": "sha1-qnqJht4HBTM39Lxe2aZFPZzI4uE=",
   "requires": {
    "buffer-crc32": "0.2.1",
    "commander": "1.3.2",
    "connect": "2.12.0",
    "cookie": "0.1.0",
    "cookie-signature": "1.0.1",
    "debug": ">= 0.7.3 < 1",
    "fresh": "0.2.0",
    "merge-descriptors": "0.0.1",
    "methods": "0.1.0",
    "mkdirp": "0.3.5",
    "range-parser": "0.0.4",
    "send": "0.1.4"
   }
  },
  "express-session": {
   "version": "1.9.3",
   "resolved": "https://registry.npmjs.org/express-session/-/express-session-1.9.3.tgz",
   "integrity": "sha1-fS/Dh69v2Sh3UhO/6dY1pXBahM4=",
   "requires": {
    "cookie": "0.1.2",
    "cookie-signature": "1.0.5",
    "crc": "3.2.1",
    "debug": "~2.1.0",
    "depd": "~1.0.0",
    "on-headers": "~1.0.0",
    "parseurl": "~1.3.0",
    "uid-safe": "1.0.1",
    "utils-merge": "1.0.0"
   },
   "dependencies": {
    "cookie": {
     "version": "0.1.2",
     "resolved": "https://registry.npmjs.org/cookie/-/cookie-0.1.2.tgz",
     "integrity": "sha1-cv7D0k5Io0Mgc9kMEmQgBQYQBLE="
    },
    "cookie-signature": {
     "version": "1.0.5",
     "resolved": "https://registry.npmjs.org/cookie-signature/-/cookie-signature-1.0.5.tgz",
     "integrity": "sha1-oSLj8VA+yg9TVXlbBxG7I2jUUPk="
    },
    "crc": {
     "version": "3.2.1",
     "resolved": "https://registry.npmjs.org/crc/-/crc-3.2.1.tgz",
     "integrity": "sha1-XZyPt3okXNXsopHl0tAFM0urAII="
    },
    "debug": {
     "version": "2.1.0",
     "resolved": "https://registry.npmjs.org/debug/-/debug-2.1.0.tgz",
     "integrity": "sha1-M6uRVlnYwsyKQUQ9lNbr03aX7SE=",
     "requires": {
      "ms": "0.6.2"
     },
     "dependencies": {
      "ms": {
       "version": "0.6.2",
       "resolved": "https://registry.npmjs.org/ms/-/ms-0.6.2.tgz",
       "integrity": "sha1-2JwhJMb9wTU9Zai3e/GqxLGTcIw="
      }
     }
    },
    "depd": {
     "version": "1.0.0",
     "resolved": "https://registry.npmjs.org/depd/-/depd-1.0.0.tgz",
     "integrity": "sha1-L9oNAOmKrihF1Jkasb8fKhmQc9U="
    },
    "on-headers": {
     "version": "1.0.0",
     "resolved": "https://registry.npmjs.org/on-headers/-/on-headers-1.0.0.tgz",
     "integrity": "sha1-LHW12kN1UT0BYcYFLn/L5JU/yl0="
    },
    "parseurl": {
     "version": "1.3.0",
     "resolved": "https://registry.npmjs.org/parseurl/-/parseurl-1.3.0.tgz",
     "integrity": "sha1-tYBG20Ij4UWvp2AJ5hush8wigbM="
    },
    "uid-safe": {
     "version": "1.0.1",
     "resolved": "https://registry.npmjs.org/uid-safe/-/uid-safe-1.0.1.tgz",
     "integrity": "sha1-W9FIRgouhPVPGT/SA1LIw9feasg=",
     "requires": {
      "base64-url": "1",
      "mz": "1"
     },
     "dependencies": {
      "base64-url": {
       "version": "1.0.0",
       "resolved": "https://registry.npmjs.org/base64-url/-/base64-url-1.0.0.tgz",
       "integrity": "sha1-q2lDdvKAGvbJJgiZ/+8C+GtA7iw="
      },
      "mz": {
       "version": "1.1.0",
       "resolved": "https://registry.npmjs.org/mz/-/mz-1.1.0.tgz",
       "integrity": "sha1-+mPwjyCh9phcwdmjPvqNtgjNa5w=",
       "requires": {
        "native-or-bluebird": "1"
       },
       "dependencies": {
        "native-or-bluebird": {
         "version": "1.1.2",
         "resolved": "https://registry.npmjs.org/native-or-bluebird/-/native-or-bluebird-1.1.2.tgz",
         "integrity": "sha1-OSHhECMtHreQ89rGG7NwUxx9NW4="
        }
       }
      }
     }
    },
    "utils-merge": {
     "version": "1.0.0",
     "resolved": "https://registry.npmjs.org/utils-merge/-/utils-merge-1.0.0.tgz",
     "integrity": "sha1-ApT7kiu5N1FTVBxPcJYjHyh8ivg="
    }
   }
  },
  "fresh": {
   "version": "0.2.0",
   "resolved": "https://registry.npmjs.org/fresh/-/fresh-0.2.0.tgz",
   "integrity": "sha1-v9lALPPfEsSkwxDHn5mj3eE9NKc="
  },
  "inherits": {
   "version": "2.0.4",
   "resolved": "https://registry.npmjs.org/inherits/-/inherits-2.0.4.tgz",
   "integrity": "sha512-k/vGaX4/Yla3WzyMCvTQOXYeIHvqOKtnqBduzTHpzpQZzAskKMhZ2K+EnBiSM9zGSoIFeMpXKxa4dYeZIQqewQ=="
  },
  "isarray": {
   "version": "0.0.1",
   "resolved": "https://registry.npmjs.org/isarray/-/isarray-0.0.1.tgz",
   "integrity": "sha1-ihis/Kmo9Bd+Cav8YDiTmwXR7t8="
  },
  "keypress": {
   "version": "0.1.0",
   "resolved": "https://registry.npmjs.org/keypress/-/keypress-0.1.0.tgz",
   "integrity": "sha1-SjGI1CkbZrT2XtuZ+AaqmuKTWSo="
  },
  "merge-descriptors": {
   "version": "0.0.1",
   "resolved": "https://registry.npmjs.org/merge-descriptors/-/merge-descriptors-0.0.1.tgz",
   "integrity": "sha1-L/CYDJJM+B0LXR+2ARd8uLtWwNA="
  },
  "methods": {
   "version": "0.1.0",
   "resolved": "https://registry.npmjs.org/methods/-/methods-0.1.0.tgz",
   "integrity": "sha1-M11Cnu/SG3us8unJIqjSvRSjDk8="
  },
  "mime": {
   "version": "1.2.11",
   "resolved": "https://registry.npmjs.org/mime/-/mime-1.2.11.tgz",
   "integrity": "sha1-WCA+7Ybjpe8XrtK32evUfwpg3RA="
  },
  "mkdirp": {
   "version": "0.3.5",
   "resolved": "https://registry.npmjs.org/mkdirp/-/mkdirp-0.3.5.tgz",
   "integrity": "sha1-3j5fiWHIjHh+4TaN+EmsRBPsqNc="
  },
  "mongoose": {
   "version": "3.8.20",
   "resolved": "https://registry.npmjs.org/mongoose/-/mongoose-3.8.20.tgz",
   "integrity": "sha1-QVViARAO8nKNG4Y1rXxUD9H2hrc=",
   "requires": {
    "hooks": "0.2.1",
    "mongodb": "1.4.12",
    "mpath": "0.1.1",
    "mpromise": "0.4.3",
    "mquery": "0.8.0",
    "ms": "0.1.0",
    "muri": "0.3.1",
    "regexp-clone": "0.0.1",
    "sliced": "0.0.5"
   },
   "dependencies": {
    "hooks": {
     "version": "0.2.1",
     "resolved": "https://registry.npmjs.org/hooks/-/hooks-0.2.1.tgz",
     "integrity": "sha1-D1kbGzRL3LPfWXc/Yvu6+Fv0Aos="
    },
    "mongodb": {
     "version": "1.4.12",
     "resolved": "https://registry.npmjs.org/mongodb/-/mongodb-1.4.12.tgz",
     "integrity": "sha1-Zc3UbsEnhh6UEWj9zPgr8XrXHE0=",
     "requires": {
      "bson": "~0.2",
      "kerberos": "0.0.4",
      "readable-stream": "^1.0.33"
     },
     "dependencies": {
      "bson": {
       "version": "0.2.15",
       "resolved": "https://registry.npmjs.org/bson/-/bson-0.2.15.tgz",
       "integrity": "sha1-VWQCx0vzPYAIEizDCR3Is7kOMww=",
       "requires": {
        "nan": "1.3.0"
       },
       "dependencies": {
        "nan": {
         "version": "1.3.0",
         "resolved": "https://registry.npmjs.org/nan/-/nan-1.3.0.tgz",
         "integrity": "sha1-mluNXvl6EN8wUOWbLDYtO693l0I="
        }
       }
      },
      "kerberos": {
       "version": "0.0.4",
       "resolved": "https://registry.npmjs.org/kerberos/-/kerberos-0.0.4.tgz",
       "integrity": "sha1-EYNmOPcpovbFuuBWp9ehWJjJunw=",
       "optional": true
      },
      "readable-stream": {
       "version": "1.0.33",
       "resolved": "https://registry.npmjs.org/readable-stream/-/readable-stream-1.0.33.tgz",
       "integrity": "sha1-OjYN1mwbHX/UcFOJhg7aHQ9hEmw=",
       "optional": true,
       "requires": {
        "core-util-is": "~1.0.0",
        "inherits": "~2.0.1",
        "isarray": "0.0.1",
        "string_decoder": "~0.10.x"
       },
       "dependencies": {
        "core-util-is": {
         "version": "1.0.1",
         "resolved": "https://registry.npmjs.org/core-util-is/-/core-util-is-1.0.1.tgz",
         "integrity": "sha1-awcIWu+aPMrG7lO/nT3wwVIaVTg=",
         "optional": true
        },
        "inherits": {
         "version": "2.0.1",
         "resolved": "https://registry.npmjs.org/inherits/-/inherits-2.0.1.tgz",
         "integrity": "sha1-sX0I0ya0Qj5Wjv9xn5GwscvfafE=",
         "optional": true
        },
        "isarray": {
         "version": "0.0.1",
         "resolved": "https://registry.npmjs.org/isarray/-/isarray-0.0.1.tgz",
         "integrity": "sha1-ihis/Kmo9Bd+Cav8YDiTmwXR7t8=",
         "optional": true
        },
        "string_decoder": {
         "version": "0.10.31",
         "resolved": "https://registry.npmjs.org/string_decoder/-/string_decoder-0.10.31.tgz",
         "integrity": "sha1-YuIDvEF2bGwoyfyEMB2rHFMQ+pQ=",
         "optional": true
        }
       }
      }
     }
    },
    "mpath": {
     "version": "0.1.1",
     "resolved": "https://registry.npmjs.org/mpath/-/mpath-0.1.1.tgz",
     "integrity": "sha1-I9qFK3wjLuCX9HWdKcDunNItXkY="
    },
    "mpromise": {
     "version": "0.4.3",
     "resolved": "https://registry.npmjs.org/mpromise/-/mpromise-0.4.3.tgz",
     "integrity": "sha1-7cR6daKhd7DpOCc121Lb7DgIzDM="
    },
    "mquery": {
     "version": "0.8.0",
     "resolved": "https://registry.npmjs.org/mquery/-/mquery-0.8.0.tgz",
     "integrity": "sha1-HluMKlpS9Vg70IkycAuFRA7iX2A=",
     "requires": {
      "debug": "0.7.4",
      "regexp-clone": "0.0.1",
      "sliced": "0.0.5"
     },
     "dependencies": {
      "debug": {
       "version": "0.7.4",
       "resolved": "https://registry.npmjs.org/debug/-/debug-0.7.4.tgz",
       "integrity": "sha1-BuHqgILCyxTjmAbiLi9vdX+Srzk="
      }
     }
    },
    "ms": {
     "version": "0.1.0",
     "resolved": "https://registry.npmjs.org/ms/-/ms-0.1.0.tgz",
     "integrity": "sha1-8h+sSQ2vHXZn/RgP6QdzicyUQrI="
    },
    "muri": {
     "version": "0.3.1",
     "resolved": "https://registry.npmjs.org/muri/-/muri-0.3.1.tgz",
     "integrity": "sha1-hhiJxchX8aQ3AL7oXVBzH2FyfJo="
    },
    "regexp-clone": {
     "version": "0.0.1",
     "resolved": "https://registry.npmjs.org/regexp-clone/-/regexp-clone-0.0.1.tgz",
     "integrity": "sha1-p8LgmJH9vzj7sQ03b7cwA+aKxYk="
    },
    "sliced": {
     "version": "0.0.5",
     "resolved": "https://registry.npmjs.org/sliced/-/sliced-0.0.5.tgz",
     "integrity": "sha1-XtwETKTrb3gW1Qui/GPiXY/kcH8="
    }
   }
  },
  "multer": {
   "version": "0.1.6",
   "resolved": "https://registry.npmjs.org/multer/-/multer-0.1.6.tgz",
   "integrity": "sha1-BuIqhDQmKXb9J/O0dbQ+g5kKBJA=",
   "requires": {
    "busboy": "~0.2.9",
    "mkdirp": "~0.3.5",
    "qs": "~1.2.2"
   },
   "dependencies": {
    "busboy": {
     "version": "0.2.9",
     "resolved": "https://registry.npmjs.org/busboy/-/busboy-0.2.9.tgz",
     "integrity": "sha1-oKGB54sZ3udpdFYPVYQ7Cerqc3Y=",
     "requires": {
      "dicer": "0.2.3",
      "readable-stream": "1.1.x"
     },
     "dependencies": {
      "dicer": {
       "version": "0.2.3",
       "resolved": "https://registry.npmjs.org/dicer/-/dicer-0.2.3.tgz",
       "integrity": "sha1-8AKBGJpVwjUe+ASQpP6fssWcSTk=",
       "requires": {
        "readable-stream": "1.1.x",
        "streamsearch": "0.1.2"
       },
       "dependencies": {
        "streamsearch": {
         "version": "0.1.2",
         "resolved": "https://registry.npmjs.org/streamsearch/-/streamsearch-0.1.2.tgz",
         "integrity": "sha1-gIudDlb8Jz2Am6VzOOkpkZoanxo="
        }
       }
      },
      "readable-stream": {
       "version": "1.1.13",
       "resolved": "https://registry.npmjs.org/readable-stream/-/readable-stream-1.1.13.tgz",
       "integrity": "sha1-9u73ZPUUyJ4rniMUanW6EGdW0j4=",
       "requires": {
        "core-util-is": "~1.0.0",
        "inherits": "~2.0.1",
        "isarray": "0.0.1",
        "string_decoder": "~0.10.x"
       },
       "dependencies": {
        "core-util-is": {
         "version": "1.0.1",
         "resolved": "https://registry.npmjs.org/core-util-is/-/core-util-is-1.0.1.tgz",
         "integrity": "sha1-awcIWu+aPMrG7lO/nT3wwVIaVTg="
        },
        "inherits": {
         "version": "2.0.1",
         "resolved": "https://registry.npmjs.org/inherits/-/inherits-2.0.1.tgz",
         "integrity": "sha1-sX0I0ya0Qj5Wjv9xn5GwscvfafE="
        },
        "isarray": {
         "version": "0.0.1",
         "resolved": "https://registry.npmjs.org/isarray/-/isarray-0.0.1.tgz",
         "integrity": "sha1-ihis/Kmo9Bd+Cav8YDiTmwXR7t8="
        },
        "string_decoder": {
         "version": "0.10.31",
         "resolved": "https://registry.npmjs.org/string_decoder/-/string_decoder-0.10.31.tgz",
         "integrity": "sha1-YuIDvEF2bGwoyfyEMB2rHFMQ+pQ="
        }
       }
      }
     }
    },
    "mkdirp": {
     "version": "0.3.5",
     "resolved": "https://registry.npmjs.org/mkdirp/-/mkdirp-0.3.5.tgz",
     "integrity": "sha1-3j5fiWHIjHh+4TaN+EmsRBPsqNc="
    },
    "qs": {
     "version": "1.2.2",
     "resolved": "https://registry.npmjs.org/qs/-/qs-1.2.2.tgz",
     "integrity": "sha1-GbV/8k3CqZzh+L32r82ln472H4g="
    }
   }
  },
  "multiparty": {
   "version": "2.2.0",
   "resolved": "https://registry.npmjs.org/multiparty/-/multiparty-2.2.0.tgz",
   "integrity": "sha1-pWfCrwAK0i3I8qZT2Rl4rh9TFvQ=",
   "requires": {
    "readable-stream": "~1.1.9",
    "stream-counter": "~0.2.0"
   }
  },
  "negotiator": {
   "version": "0.3.0",
   "resolved": "https://registry.npmjs.org/negotiator/-/negotiator-0.3.0.tgz",
   "integrity": "sha1-cG1pLv7d9XTVfqn7GriaT6fuj2A="
  },
  "path": {
   "version": "0.4.9",
   "resolved": "https://registry.npmjs.org/path/-/path-0.4.9.tgz",
   "integrity": "sha1-OAxo0BJz5D+TaNetUP7l4+jUd/A="
  },
  "pause": {
   "version": "0.0.1",
   "resolved": "https://registry.npmjs.org/pause/-/pause-0.0.1.tgz",
   "integrity": "sha1-HUCLP9t2kjuVQ9lvtMnf1TXZy10="
  },
  "qs": {
   "version": "0.6.6",
   "resolved": "https://registry.npmjs.org/qs/-/qs-0.6.6.tgz",
   "integrity": "sha1-bgFQmP9RlouKPIGQAdXyyJvEsQc="
  },
  "range-parser": {
   "version": "0.0.4",
   "resolved": "https://registry.npmjs.org/range-parser/-/range-parser-0.0.4.tgz",
   "integrity": "sha1-wEJ//vUcEKy6B4KkbJYC50T/Ygs="
  },
  "raw-body": {
   "version": "1.1.2",
   "resolved": "https://registry.npmjs.org/raw-body/-/raw-body-1.1.2.tgz",
   "integrity": "sha1-x0swBN6l3v0WlhcRBqx0DsMdYr4=",
   "requires": {
    "bytes": "~0.2.1"
   }
  },
  "readable-stream": {
   "version": "1.1.14",
   "resolved": "https://registry.npmjs.org/readable-stream/-/readable-stream-1.1.14.tgz",
   "integrity": "sha1-fPTFTvZI44EwhMY23SB54WbAgdk=",
   "requires": {
    "core-util-is": "~1.0.0",
    "inherits": "~2.0.1",
    "isarray": "0.0.1",
    "string_decoder": "~0.10.x"
   }
  },
  "send": {
   "version": "0.1.4",
   "resolved": "https://registry.npmjs.org/send/-/send-0.1.4.tgz",
   "integrity": "sha1-vnDY0b4B3mGCGvE3gLUDRaT3Gr0=",
   "requires": {
    "debug": "*",
    "fresh": "0.2.0",
    "mime": "~1.2.9",
    "range-parser": "0.0.4"
   }
  },
  "stream-counter": {
   "version": "0.2.0",
   "resolved": "https://registry.npmjs.org/stream-counter/-/stream-counter-0.2.0.tgz",
   "integrity": "sha1-3tJmVWMZyLDiIoErnPOyb6fZR94=",
   "requires": {
    "readable-stream": "~1.1.8"
   }
  },
  "string_decoder": {
   "version": "0.10.31",
   "resolved": "https://registry.npmjs.org/string_decoder/-/string_decoder-0.10.31.tgz",
   "integrity": "sha1-YuIDvEF2bGwoyfyEMB2rHFMQ+pQ="
  },
  "uid2": {
   "version": "0.0.3",
   "resolved": "https://registry.npmjs.org/uid2/-/uid2-0.0.3.tgz",
   "integrity": "sha1-SDEm4Rd03y9xuLY53NeZw3YWK4I="
  },
  "ws": {
   "version": "7.3.1",
   "resolved": "https://registry.npmjs.org/ws/-/ws-7.3.1.tgz",
   "integrity": "sha512-D3RuNkynyHmEJIpD2qrgVkc9DQ23OrN/moAwZX4L8DfvszsJxpjQuUq3LMx6HoYji9fbIOBY18XWBsAux1ZZUA=="
  }
 }
}
